
Microsoft Visual Studio Solution File, Format Version 12.00
# Visual Studio Version 16
VisualStudioVersion = 16.0.32228.343
MinimumVisualStudioVersion = 10.0.40219.1
Project("{FAE04EC0-301F-11D3-BF4B-00C04F79EFBC}") = "SonyVagCodec", "SonyVagCodec\SonyVagCodec.csproj", "{5C251622-6E0D-465F-A00F-145BCECE0BA0}"
EndProject
Global
	GlobalSection(SolutionConfigurationPlatforms) = preSolution
		Debug|Any CPU = Debug|Any CPU
		Release|Any CPU = Release|Any CPU
	EndGlobalSection
	GlobalSection(ProjectConfigurationPlatforms) = postSolution
		{5C251622-6E0D-465F-A00F-145BCECE0BA0}.Debug|Any CPU.ActiveCfg = Debug|Any CPU
		{5C251622-6E0D-465F-A00F-145BCECE0BA0}.Debug|Any CPU.Build.0 = Debug|Any CPU
		{5C251622-6E0D-465F-A00F-145BCECE0BA0}.Release|Any CPU.ActiveCfg = Release|Any CPU
		{5C251622-6E0D-465F-A00F-145BCECE0BA0}.Release|Any CPU.Build.0 = Release|Any CPU
	EndGlobalSection
	GlobalSection(SolutionProperties) = preSolution
		HideSolutionNode = FALSE
	EndGlobalSection
	GlobalSection(ExtensibilityGlobals) = postSolution
		SolutionGuid = {403EDDF7-4500-4B04-AF96-10108CD564E8}
	EndGlobalSection
EndGlobal
