
Microsoft Visual Studio Solution File, Format Version 12.00
# Visual Studio Version 16
VisualStudioVersion = 16.0.31911.196
MinimumVisualStudioVersion = 10.0.40219.1
Project("{F184B08F-C81C-45F6-A57F-5ABD9991F28F}") = "EuroSound Editor", "sb_editor\EuroSound Editor.vbproj", "{97B19F35-03A3-4422-A360-632419E2551F}"
EndProject
Project("{F184B08F-C81C-45F6-A57F-5ABD9991F28F}") = "HashTablesBuilder", "..\dll\HashTablesBuilder\HashTablesBuilder.vbproj", "{7B4C1A2B-58B7-495B-A237-513559ADE26B}"
EndProject
Project("{FAE04EC0-301F-11D3-BF4B-00C04F79EFBC}") = "XboxAdpcm", "..\codecs\C#\xboxAdpcm\XboxAdpcm\XboxAdpcm.csproj", "{E4757906-1245-4539-998D-1438B2594A2D}"
EndProject
Project("{FAE04EC0-301F-11D3-BF4B-00C04F79EFBC}") = "DspAdpcmTool", "..\codecs\C#\dspAdpcm\DspAdpcmTool.csproj", "{06EECA49-589D-49FE-8654-400038BB2181}"
EndProject
Project("{2150E333-8FDC-42A3-9474-1A3956D46DE8}") = "Audio Codecs", "Audio Codecs", "{434C6947-8CAF-4D68-B1A0-CE3BFEDF0273}"
EndProject
Project("{2150E333-8FDC-42A3-9474-1A3956D46DE8}") = "Libraries", "Libraries", "{A3B36833-4CC2-4F51-ABC8-FB30DC257F11}"
EndProject
Project("{FAE04EC0-301F-11D3-BF4B-00C04F79EFBC}") = "ExMarkersTool", "..\dll\EngineXMarkersTool\ExMarkersTool.csproj", "{976E04C9-6B03-43F4-8CD5-3D1E8DA18095}"
EndProject
Project("{F184B08F-C81C-45F6-A57F-5ABD9991F28F}") = "ListView_ColumnSortingClickVb", "..\dll\listview-col_sort_click\ListView_ColumnSortingClickVb\ListView_ColumnSortingClickVb.vbproj", "{93164B1D-479A-470B-B090-86C8506522BD}"
EndProject
Project("{FAE04EC0-301F-11D3-BF4B-00C04F79EFBC}") = "RecentFilesMenu", "..\dll\MostRecentFilesMenu\RecentFilesMenu.csproj", "{2B01BDAE-6E12-47FF-805F-A4818E66ADC1}"
EndProject
Project("{F184B08F-C81C-45F6-A57F-5ABD9991F28F}") = "IniFileFunctions", "..\dll\IniFile\IniFileFunctions.vbproj", "{37CEFF5C-0BE8-44DA-ADA0-7E176F09E5C7}"
EndProject
Project("{FAE04EC0-301F-11D3-BF4B-00C04F79EFBC}") = "ESUtils", "..\dll\ESUtils\ESUtils\ESUtils.csproj", "{E72AEF10-6327-43C6-AFE0-9B2B100B558E}"
EndProject
Global
	GlobalSection(SolutionConfigurationPlatforms) = preSolution
		Debug|Any CPU = Debug|Any CPU
		Debug|x64 = Debug|x64
		Debug|x86 = Debug|x86
		Release|Any CPU = Release|Any CPU
		Release|x64 = Release|x64
		Release|x86 = Release|x86
	EndGlobalSection
	GlobalSection(ProjectConfigurationPlatforms) = postSolution
		{97B19F35-03A3-4422-A360-632419E2551F}.Debug|Any CPU.ActiveCfg = Debug|Any CPU
		{97B19F35-03A3-4422-A360-632419E2551F}.Debug|Any CPU.Build.0 = Debug|Any CPU
		{97B19F35-03A3-4422-A360-632419E2551F}.Debug|x64.ActiveCfg = Debug|Any CPU
		{97B19F35-03A3-4422-A360-632419E2551F}.Debug|x64.Build.0 = Debug|Any CPU
		{97B19F35-03A3-4422-A360-632419E2551F}.Debug|x86.ActiveCfg = Debug|Any CPU
		{97B19F35-03A3-4422-A360-632419E2551F}.Debug|x86.Build.0 = Debug|Any CPU
		{97B19F35-03A3-4422-A360-632419E2551F}.Release|Any CPU.ActiveCfg = Release|Any CPU
		{97B19F35-03A3-4422-A360-632419E2551F}.Release|Any CPU.Build.0 = Release|Any CPU
		{97B19F35-03A3-4422-A360-632419E2551F}.Release|x64.ActiveCfg = Release|Any CPU
		{97B19F35-03A3-4422-A360-632419E2551F}.Release|x64.Build.0 = Release|Any CPU
		{97B19F35-03A3-4422-A360-632419E2551F}.Release|x86.ActiveCfg = Release|Any CPU
		{97B19F35-03A3-4422-A360-632419E2551F}.Release|x86.Build.0 = Release|Any CPU
		{7B4C1A2B-58B7-495B-A237-513559ADE26B}.Debug|Any CPU.ActiveCfg = Debug|Any CPU
		{7B4C1A2B-58B7-495B-A237-513559ADE26B}.Debug|Any CPU.Build.0 = Debug|Any CPU
		{7B4C1A2B-58B7-495B-A237-513559ADE26B}.Debug|x64.ActiveCfg = Debug|Any CPU
		{7B4C1A2B-58B7-495B-A237-513559ADE26B}.Debug|x64.Build.0 = Debug|Any CPU
		{7B4C1A2B-58B7-495B-A237-513559ADE26B}.Debug|x86.ActiveCfg = Debug|Any CPU
		{7B4C1A2B-58B7-495B-A237-513559ADE26B}.Debug|x86.Build.0 = Debug|Any CPU
		{7B4C1A2B-58B7-495B-A237-513559ADE26B}.Release|Any CPU.ActiveCfg = Release|Any CPU
		{7B4C1A2B-58B7-495B-A237-513559ADE26B}.Release|Any CPU.Build.0 = Release|Any CPU
		{7B4C1A2B-58B7-495B-A237-513559ADE26B}.Release|x64.ActiveCfg = Release|Any CPU
		{7B4C1A2B-58B7-495B-A237-513559ADE26B}.Release|x64.Build.0 = Release|Any CPU
		{7B4C1A2B-58B7-495B-A237-513559ADE26B}.Release|x86.ActiveCfg = Release|Any CPU
		{7B4C1A2B-58B7-495B-A237-513559ADE26B}.Release|x86.Build.0 = Release|Any CPU
		{E4757906-1245-4539-998D-1438B2594A2D}.Debug|Any CPU.ActiveCfg = Debug|Any CPU
		{E4757906-1245-4539-998D-1438B2594A2D}.Debug|Any CPU.Build.0 = Debug|Any CPU
		{E4757906-1245-4539-998D-1438B2594A2D}.Debug|x64.ActiveCfg = Debug|Any CPU
		{E4757906-1245-4539-998D-1438B2594A2D}.Debug|x64.Build.0 = Debug|Any CPU
		{E4757906-1245-4539-998D-1438B2594A2D}.Debug|x86.ActiveCfg = Debug|Any CPU
		{E4757906-1245-4539-998D-1438B2594A2D}.Debug|x86.Build.0 = Debug|Any CPU
		{E4757906-1245-4539-998D-1438B2594A2D}.Release|Any CPU.ActiveCfg = Release|Any CPU
		{E4757906-1245-4539-998D-1438B2594A2D}.Release|Any CPU.Build.0 = Release|Any CPU
		{E4757906-1245-4539-998D-1438B2594A2D}.Release|x64.ActiveCfg = Release|Any CPU
		{E4757906-1245-4539-998D-1438B2594A2D}.Release|x64.Build.0 = Release|Any CPU
		{E4757906-1245-4539-998D-1438B2594A2D}.Release|x86.ActiveCfg = Release|Any CPU
		{E4757906-1245-4539-998D-1438B2594A2D}.Release|x86.Build.0 = Release|Any CPU
		{06EECA49-589D-49FE-8654-400038BB2181}.Debug|Any CPU.ActiveCfg = Debug|Any CPU
		{06EECA49-589D-49FE-8654-400038BB2181}.Debug|Any CPU.Build.0 = Debug|Any CPU
		{06EECA49-589D-49FE-8654-400038BB2181}.Debug|x64.ActiveCfg = Debug|Any CPU
		{06EECA49-589D-49FE-8654-400038BB2181}.Debug|x64.Build.0 = Debug|Any CPU
		{06EECA49-589D-49FE-8654-400038BB2181}.Debug|x86.ActiveCfg = Debug|Any CPU
		{06EECA49-589D-49FE-8654-400038BB2181}.Debug|x86.Build.0 = Debug|Any CPU
		{06EECA49-589D-49FE-8654-400038BB2181}.Release|Any CPU.ActiveCfg = Release|Any CPU
		{06EECA49-589D-49FE-8654-400038BB2181}.Release|Any CPU.Build.0 = Release|Any CPU
		{06EECA49-589D-49FE-8654-400038BB2181}.Release|x64.ActiveCfg = Release|Any CPU
		{06EECA49-589D-49FE-8654-400038BB2181}.Release|x64.Build.0 = Release|Any CPU
		{06EECA49-589D-49FE-8654-400038BB2181}.Release|x86.ActiveCfg = Release|Any CPU
		{06EECA49-589D-49FE-8654-400038BB2181}.Release|x86.Build.0 = Release|Any CPU
		{976E04C9-6B03-43F4-8CD5-3D1E8DA18095}.Debug|Any CPU.ActiveCfg = Debug|Any CPU
		{976E04C9-6B03-43F4-8CD5-3D1E8DA18095}.Debug|Any CPU.Build.0 = Debug|Any CPU
		{976E04C9-6B03-43F4-8CD5-3D1E8DA18095}.Debug|x64.ActiveCfg = Debug|Any CPU
		{976E04C9-6B03-43F4-8CD5-3D1E8DA18095}.Debug|x64.Build.0 = Debug|Any CPU
		{976E04C9-6B03-43F4-8CD5-3D1E8DA18095}.Debug|x86.ActiveCfg = Debug|Any CPU
		{976E04C9-6B03-43F4-8CD5-3D1E8DA18095}.Debug|x86.Build.0 = Debug|Any CPU
		{976E04C9-6B03-43F4-8CD5-3D1E8DA18095}.Release|Any CPU.ActiveCfg = Release|Any CPU
		{976E04C9-6B03-43F4-8CD5-3D1E8DA18095}.Release|Any CPU.Build.0 = Release|Any CPU
		{976E04C9-6B03-43F4-8CD5-3D1E8DA18095}.Release|x64.ActiveCfg = Release|Any CPU
		{976E04C9-6B03-43F4-8CD5-3D1E8DA18095}.Release|x64.Build.0 = Release|Any CPU
		{976E04C9-6B03-43F4-8CD5-3D1E8DA18095}.Release|x86.ActiveCfg = Release|Any CPU
		{976E04C9-6B03-43F4-8CD5-3D1E8DA18095}.Release|x86.Build.0 = Release|Any CPU
		{93164B1D-479A-470B-B090-86C8506522BD}.Debug|Any CPU.ActiveCfg = Debug|Any CPU
		{93164B1D-479A-470B-B090-86C8506522BD}.Debug|Any CPU.Build.0 = Debug|Any CPU
		{93164B1D-479A-470B-B090-86C8506522BD}.Debug|x64.ActiveCfg = Debug|Any CPU
		{93164B1D-479A-470B-B090-86C8506522BD}.Debug|x64.Build.0 = Debug|Any CPU
		{93164B1D-479A-470B-B090-86C8506522BD}.Debug|x86.ActiveCfg = Debug|Any CPU
		{93164B1D-479A-470B-B090-86C8506522BD}.Debug|x86.Build.0 = Debug|Any CPU
		{93164B1D-479A-470B-B090-86C8506522BD}.Release|Any CPU.ActiveCfg = Release|Any CPU
		{93164B1D-479A-470B-B090-86C8506522BD}.Release|Any CPU.Build.0 = Release|Any CPU
		{93164B1D-479A-470B-B090-86C8506522BD}.Release|x64.ActiveCfg = Release|Any CPU
		{93164B1D-479A-470B-B090-86C8506522BD}.Release|x64.Build.0 = Release|Any CPU
		{93164B1D-479A-470B-B090-86C8506522BD}.Release|x86.ActiveCfg = Release|Any CPU
		{93164B1D-479A-470B-B090-86C8506522BD}.Release|x86.Build.0 = Release|Any CPU
		{2B01BDAE-6E12-47FF-805F-A4818E66ADC1}.Debug|Any CPU.ActiveCfg = Debug|Any CPU
		{2B01BDAE-6E12-47FF-805F-A4818E66ADC1}.Debug|Any CPU.Build.0 = Debug|Any CPU
		{2B01BDAE-6E12-47FF-805F-A4818E66ADC1}.Debug|x64.ActiveCfg = Debug|Any CPU
		{2B01BDAE-6E12-47FF-805F-A4818E66ADC1}.Debug|x64.Build.0 = Debug|Any CPU
		{2B01BDAE-6E12-47FF-805F-A4818E66ADC1}.Debug|x86.ActiveCfg = Debug|Any CPU
		{2B01BDAE-6E12-47FF-805F-A4818E66ADC1}.Debug|x86.Build.0 = Debug|Any CPU
		{2B01BDAE-6E12-47FF-805F-A4818E66ADC1}.Release|Any CPU.ActiveCfg = Release|Any CPU
		{2B01BDAE-6E12-47FF-805F-A4818E66ADC1}.Release|Any CPU.Build.0 = Release|Any CPU
		{2B01BDAE-6E12-47FF-805F-A4818E66ADC1}.Release|x64.ActiveCfg = Release|Any CPU
		{2B01BDAE-6E12-47FF-805F-A4818E66ADC1}.Release|x64.Build.0 = Release|Any CPU
		{2B01BDAE-6E12-47FF-805F-A4818E66ADC1}.Release|x86.ActiveCfg = Release|Any CPU
		{2B01BDAE-6E12-47FF-805F-A4818E66ADC1}.Release|x86.Build.0 = Release|Any CPU
		{37CEFF5C-0BE8-44DA-ADA0-7E176F09E5C7}.Debug|Any CPU.ActiveCfg = Debug|Any CPU
		{37CEFF5C-0BE8-44DA-ADA0-7E176F09E5C7}.Debug|Any CPU.Build.0 = Debug|Any CPU
		{37CEFF5C-0BE8-44DA-ADA0-7E176F09E5C7}.Debug|x64.ActiveCfg = Debug|Any CPU
		{37CEFF5C-0BE8-44DA-ADA0-7E176F09E5C7}.Debug|x64.Build.0 = Debug|Any CPU
		{37CEFF5C-0BE8-44DA-ADA0-7E176F09E5C7}.Debug|x86.ActiveCfg = Debug|Any CPU
		{37CEFF5C-0BE8-44DA-ADA0-7E176F09E5C7}.Debug|x86.Build.0 = Debug|Any CPU
		{37CEFF5C-0BE8-44DA-ADA0-7E176F09E5C7}.Release|Any CPU.ActiveCfg = Release|Any CPU
		{37CEFF5C-0BE8-44DA-ADA0-7E176F09E5C7}.Release|Any CPU.Build.0 = Release|Any CPU
		{37CEFF5C-0BE8-44DA-ADA0-7E176F09E5C7}.Release|x64.ActiveCfg = Release|Any CPU
		{37CEFF5C-0BE8-44DA-ADA0-7E176F09E5C7}.Release|x64.Build.0 = Release|Any CPU
		{37CEFF5C-0BE8-44DA-ADA0-7E176F09E5C7}.Release|x86.ActiveCfg = Release|Any CPU
		{37CEFF5C-0BE8-44DA-ADA0-7E176F09E5C7}.Release|x86.Build.0 = Release|Any CPU
		{E72AEF10-6327-43C6-AFE0-9B2B100B558E}.Debug|Any CPU.ActiveCfg = Debug|Any CPU
		{E72AEF10-6327-43C6-AFE0-9B2B100B558E}.Debug|Any CPU.Build.0 = Debug|Any CPU
		{E72AEF10-6327-43C6-AFE0-9B2B100B558E}.Debug|x64.ActiveCfg = Debug|Any CPU
		{E72AEF10-6327-43C6-AFE0-9B2B100B558E}.Debug|x64.Build.0 = Debug|Any CPU
		{E72AEF10-6327-43C6-AFE0-9B2B100B558E}.Debug|x86.ActiveCfg = Debug|Any CPU
		{E72AEF10-6327-43C6-AFE0-9B2B100B558E}.Debug|x86.Build.0 = Debug|Any CPU
		{E72AEF10-6327-43C6-AFE0-9B2B100B558E}.Release|Any CPU.ActiveCfg = Release|Any CPU
		{E72AEF10-6327-43C6-AFE0-9B2B100B558E}.Release|Any CPU.Build.0 = Release|Any CPU
		{E72AEF10-6327-43C6-AFE0-9B2B100B558E}.Release|x64.ActiveCfg = Release|Any CPU
		{E72AEF10-6327-43C6-AFE0-9B2B100B558E}.Release|x64.Build.0 = Release|Any CPU
		{E72AEF10-6327-43C6-AFE0-9B2B100B558E}.Release|x86.ActiveCfg = Release|Any CPU
		{E72AEF10-6327-43C6-AFE0-9B2B100B558E}.Release|x86.Build.0 = Release|Any CPU
	EndGlobalSection
	GlobalSection(SolutionProperties) = preSolution
		HideSolutionNode = FALSE
	EndGlobalSection
	GlobalSection(NestedProjects) = preSolution
		{7B4C1A2B-58B7-495B-A237-513559ADE26B} = {A3B36833-4CC2-4F51-ABC8-FB30DC257F11}
		{E4757906-1245-4539-998D-1438B2594A2D} = {434C6947-8CAF-4D68-B1A0-CE3BFEDF0273}
		{06EECA49-589D-49FE-8654-400038BB2181} = {434C6947-8CAF-4D68-B1A0-CE3BFEDF0273}
		{976E04C9-6B03-43F4-8CD5-3D1E8DA18095} = {A3B36833-4CC2-4F51-ABC8-FB30DC257F11}
		{E72AEF10-6327-43C6-AFE0-9B2B100B558E} = {A3B36833-4CC2-4F51-ABC8-FB30DC257F11}
	EndGlobalSection
	GlobalSection(ExtensibilityGlobals) = postSolution
		SolutionGuid = {974448A4-09B7-49CB-BD79-BDBF07F8AE4A}
	EndGlobalSection
EndGlobal
